
Microsoft Visual Studio Solution File, Format Version 12.00
# Visual Studio Version 16
VisualStudioVersion = 16.0.30907.101
MinimumVisualStudioVersion = 10.0.40219.1
Project("{8BC9CEB8-8B4A-11D0-8D11-00A0C91BC942}") = "cpplesson2.2.3", "cpplesson2.2.3\cpplesson2.2.3.vcxproj", "{CABA6102-CFBE-481E-889E-3D7A43A49F2A}"
EndProject
Global
	GlobalSection(SolutionConfigurationPlatforms) = preSolution
		Debug|x64 = Debug|x64
		Debug|x86 = Debug|x86
		Release|x64 = Release|x64
		Release|x86 = Release|x86
	EndGlobalSection
	GlobalSection(ProjectConfigurationPlatforms) = postSolution
		{CABA6102-CFBE-481E-889E-3D7A43A49F2A}.Debug|x64.ActiveCfg = Debug|x64
		{CABA6102-CFBE-481E-889E-3D7A43A49F2A}.Debug|x64.Build.0 = Debug|x64
		{CABA6102-CFBE-481E-889E-3D7A43A49F2A}.Debug|x86.ActiveCfg = Debug|Win32
		{CABA6102-CFBE-481E-889E-3D7A43A49F2A}.Debug|x86.Build.0 = Debug|Win32
		{CABA6102-CFBE-481E-889E-3D7A43A49F2A}.Release|x64.ActiveCfg = Release|x64
		{CABA6102-CFBE-481E-889E-3D7A43A49F2A}.Release|x64.Build.0 = Release|x64
		{CABA6102-CFBE-481E-889E-3D7A43A49F2A}.Release|x86.ActiveCfg = Release|Win32
		{CABA6102-CFBE-481E-889E-3D7A43A49F2A}.Release|x86.Build.0 = Release|Win32
	EndGlobalSection
	GlobalSection(SolutionProperties) = preSolution
		HideSolutionNode = FALSE
	EndGlobalSection
	GlobalSection(ExtensibilityGlobals) = postSolution
		SolutionGuid = {08FD1F2D-F446-4EEB-8348-2E044A0460CB}
	EndGlobalSection
EndGlobal
